{
  "name": "react-example",
  "version": "1.0.0",
  "lockfileVersion": 1,
  "requires": true,
  "dependencies": {
    "@lezer/common": {
      "version": "0.15.12",
      "resolved": "https://registry.npmjs.org/@lezer/common/-/common-0.15.12.tgz",
      "integrity": "sha512-edfwCxNLnzq5pBA/yaIhwJ3U3Kz8VAUOTRg0hhxaizaI1N+qxV7EXDv/kLCkLeq2RzSFvxexlaj5Mzfn2kY0Ig==",
      "dev": true
    },
    "@lezer/lr": {
      "version": "0.15.8",
      "resolved": "https://registry.npmjs.org/@lezer/lr/-/lr-0.15.8.tgz",
      "integrity": "sha512-bM6oE6VQZ6hIFxDNKk8bKPa14hqFrV07J/vHGOeiAbJReIaQXmkVb6xQu4MR+JBTLa5arGRyAAjJe1qaQt3Uvg==",
      "dev": true,
      "requires": {
        "@lezer/common": "^0.15.0"
      }
    },
    "@mischnic/json-sourcemap": {
      "version": "0.1.0",
      "resolved": "https://registry.npmjs.org/@mischnic/json-sourcemap/-/json-sourcemap-0.1.0.tgz",
      "integrity": "sha512-dQb3QnfNqmQNYA4nFSN/uLaByIic58gOXq4Y4XqLOWmOrw73KmJPt/HLyG0wvn1bnR6mBKs/Uwvkh+Hns1T0XA==",
      "dev": true,
      "requires": {
        "@lezer/common": "^0.15.7",
        "@lezer/lr": "^0.15.4",
        "json5": "^2.2.1"
      }
    },
    "@msgpackr-extract/msgpackr-extract-darwin-arm64": {
      "version": "2.0.2",
      "resolved": "https://registry.npmjs.org/@msgpackr-extract/msgpackr-extract-darwin-arm64/-/msgpackr-extract-darwin-arm64-2.0.2.tgz",
      "integrity": "sha512-FMX5i7a+ojIguHpWbzh5MCsCouJkwf4z4ejdUY/fsgB9Vkdak4ZnoIEskOyOUMMB4lctiZFGszFQJXUeFL8tRg==",
      "dev": true,
      "optional": true
    },
    "@msgpackr-extract/msgpackr-extract-darwin-x64": {
      "version": "2.0.2",
      "resolved": "https://registry.npmjs.org/@msgpackr-extract/msgpackr-extract-darwin-x64/-/msgpackr-extract-darwin-x64-2.0.2.tgz",
      "integrity": "sha512-DznYtF3lHuZDSRaIOYeif4JgO0NtO2Xf8DsngAugMx/bUdTFbg86jDTmkVJBNmV+cxszz6OjGvinnS8AbJ342g==",
      "dev": true,
      "optional": true
    },
    "@msgpackr-extract/msgpackr-extract-linux-arm": {
      "version": "2.0.2",
      "resolved": "https://registry.npmjs.org/@msgpackr-extract/msgpackr-extract-linux-arm/-/msgpackr-extract-linux-arm-2.0.2.tgz",
      "integrity": "sha512-Gy9+c3Wj+rUlD3YvCZTi92gs+cRX7ZQogtwq0IhRenloTTlsbpezNgk6OCkt59V4ATEWSic9rbU92H/l7XsRvA==",
      "dev": true,
      "optional": true
    },
    "@msgpackr-extract/msgpackr-extract-linux-arm64": {
      "version": "2.0.2",
      "resolved": "https://registry.npmjs.org/@msgpackr-extract/msgpackr-extract-linux-arm64/-/msgpackr-extract-linux-arm64-2.0.2.tgz",
      "integrity": "sha512-b0jMEo566YdM2K+BurSed7bswjo3a6bcdw5ETqoIfSuxKuRLPfAiOjVbZyZBgx3J/TAM/QrvEQ/VN89A0ZAxSg==",
      "dev": true,
      "optional": true
    },
    "@msgpackr-extract/msgpackr-extract-linux-x64": {
      "version": "2.0.2",
      "resolved": "https://registry.npmjs.org/@msgpackr-extract/msgpackr-extract-linux-x64/-/msgpackr-extract-linux-x64-2.0.2.tgz",
      "integrity": "sha512-zrBHaePwcv4cQXxzYgNj0+A8I1uVN97E7/3LmkRocYZ+rMwUsnPpp4RuTAHSRoKlTQV3nSdCQW4Qdt4MXw/iHw==",
      "dev": true,
      "optional": true
    },
    "@msgpackr-extract/msgpackr-extract-win32-x64": {
      "version": "2.0.2",
      "resolved": "https://registry.npmjs.org/@msgpackr-extract/msgpackr-extract-win32-x64/-/msgpackr-extract-win32-x64-2.0.2.tgz",
      "integrity": "sha512-fpnI00dt+yO1cKx9qBXelKhPBdEgvc8ZPav1+0r09j0woYQU2N79w/jcGawSY5UGlgQ3vjaJsFHnGbGvvqdLzg==",
      "dev": true,
      "optional": true
    },
    "@parcel/cache": {
      "version": "2.5.0",
      "resolved": "https://registry.npmjs.org/@parcel/cache/-/cache-2.5.0.tgz",
      "integrity": "sha512-3kOO3cZQv0FAKhrMHGLdb4Qtzpmy78Q6jPN3u8eCY4yqeDTnyQBZvWNHoyCm5WlmL8y6Q6REYMbETLxSH1ggAQ==",
      "dev": true,
      "requires": {
        "@parcel/fs": "2.5.0",
        "@parcel/logger": "2.5.0",
        "@parcel/utils": "2.5.0",
        "lmdb": "2.2.4"
      },
      "dependencies": {
        "@parcel/fs": {
          "version": "2.5.0",
          "resolved": "https://registry.npmjs.org/@parcel/fs/-/fs-2.5.0.tgz",
          "integrity": "sha512-YYr14BWtx/bJ+hu6PPQQ6G/3omOTWgVqEw+UFI3iQH3P6+e0LRXW/Ja1yAcJeepGcTwIP0opnXZBQOm8PBQ2SA==",
          "dev": true,
          "requires": {
            "@parcel/fs-search": "2.5.0",
            "@parcel/types": "2.5.0",
            "@parcel/utils": "2.5.0",
            "@parcel/watcher": "^2.0.0",
            "@parcel/workers": "2.5.0"
          }
        },
        "@parcel/logger": {
          "version": "2.5.0",
          "resolved": "https://registry.npmjs.org/@parcel/logger/-/logger-2.5.0.tgz",
          "integrity": "sha512-pT1L3ceH6trL1N3I3r2HawPjz/PCubOo/Kazu7IeXsMsKVjj1a6AeieZHzkNZIbhiGPtm/cHbBNLz2zTWDLeOA==",
          "dev": true,
          "requires": {
            "@parcel/diagnostic": "2.5.0",
            "@parcel/events": "2.5.0"
          }
        },
        "@parcel/utils": {
          "version": "2.5.0",
          "resolved": "https://registry.npmjs.org/@parcel/utils/-/utils-2.5.0.tgz",
          "integrity": "sha512-kaLGXtQuOOH55KZqXdYDvczhh3mk2eeTVqrrXuuihGjbLKYFlUW2tFDm+5r2s9nCPwTQxOO43ZEOCKSnia+e4w==",
          "dev": true,
          "requires": {
            "@parcel/codeframe": "2.5.0",
            "@parcel/diagnostic": "2.5.0",
            "@parcel/hash": "2.5.0",
            "@parcel/logger": "2.5.0",
            "@parcel/markdown-ansi": "2.5.0",
            "@parcel/source-map": "^2.0.0",
            "chalk": "^4.1.0"
          }
        },
        "@parcel/watcher": {
          "version": "2.0.5",
          "resolved": "https://registry.npmjs.org/@parcel/watcher/-/watcher-2.0.5.tgz",
          "integrity": "sha512-x0hUbjv891omnkcHD7ZOhiyyUqUUR6MNjq89JhEI3BxppeKWAm6NPQsqqRrAkCJBogdT/o/My21sXtTI9rJIsw==",
          "dev": true,
          "requires": {
            "node-addon-api": "^3.2.1",
            "node-gyp-build": "^4.3.0"
          }
        },
        "@parcel/workers": {
          "version": "2.5.0",
          "resolved": "https://registry.npmjs.org/@parcel/workers/-/workers-2.5.0.tgz",
          "integrity": "sha512-/Ow5OKJWs+9OzV3Jy4J++VnbNx0j3ls/M1CGVBLiBWyCada9DMtquYoBQ4Sk6Uam50BKkIFYetGOeXPNQyyMjg==",
          "dev": true,
          "requires": {
            "@parcel/diagnostic": "2.5.0",
            "@parcel/logger": "2.5.0",
            "@parcel/types": "2.5.0",
            "@parcel/utils": "2.5.0",
            "chrome-trace-event": "^1.0.2",
            "nullthrows": "^1.1.1"
          }
        },
        "ansi-styles": {
          "version": "4.3.0",
          "resolved": "https://registry.npmjs.org/ansi-styles/-/ansi-styles-4.3.0.tgz",
          "integrity": "sha512-zbB9rCJAT1rbjiVDb2hqKFHNYLxgtk8NURxZ3IZwD3F6NtxbXZQCnnSi1Lkx+IDohdPlFp222wVALIheZJQSEg==",
          "dev": true,
          "requires": {
            "color-convert": "^2.0.1"
          }
        },
        "chalk": {
          "version": "4.1.2",
          "resolved": "https://registry.npmjs.org/chalk/-/chalk-4.1.2.tgz",
          "integrity": "sha512-oKnbhFyRIXpUuez8iBMmyEa4nbj4IOQyuhc/wy9kY7/WVPcwIO9VA668Pu8RkO7+0G76SLROeyw9CpQ061i4mA==",
          "dev": true,
          "requires": {
            "ansi-styles": "^4.1.0",
            "supports-color": "^7.1.0"
          }
        },
        "color-convert": {
          "version": "2.0.1",
          "resolved": "https://registry.npmjs.org/color-convert/-/color-convert-2.0.1.tgz",
          "integrity": "sha512-RRECPsj7iu/xb5oKYcsFHSppFNnsj/52OVTRKb4zP5onXwVF3zVmmToNcOfGC+CRDpfK/U584fMg38ZHCaElKQ==",
          "dev": true,
          "requires": {
            "color-name": "~1.1.4"
          }
        },
        "color-name": {
          "version": "1.1.4",
          "resolved": "https://registry.npmjs.org/color-name/-/color-name-1.1.4.tgz",
          "integrity": "sha512-dOy+3AuW3a2wNbZHIuMZpTcgjGuLU/uBL/ubcZF9OXbDo8ff4O8yVp5Bf0efS8uEoYo5q4Fx7dY9OgQGXgAsQA==",
          "dev": true
        },
        "has-flag": {
          "version": "4.0.0",
          "resolved": "https://registry.npmjs.org/has-flag/-/has-flag-4.0.0.tgz",
          "integrity": "sha512-EykJT/Q1KjTWctppgIAgfSO0tKVuZUjhgMr17kqTumMl6Afv3EISleU7qZUzoXDFTAHTDC4NOoG/ZxU3EvlMPQ==",
          "dev": true
        },
        "node-addon-api": {
          "version": "3.2.1",
          "resolved": "https://registry.npmjs.org/node-addon-api/-/node-addon-api-3.2.1.tgz",
          "integrity": "sha512-mmcei9JghVNDYydghQmeDX8KoAm0FAiYyIcUt/N4nhyAipB17pllZQDOJD2fotxABnt4Mdz+dKTO7eftLg4d0A==",
          "dev": true
        },
        "supports-color": {
          "version": "7.2.0",
          "resolved": "https://registry.npmjs.org/supports-color/-/supports-color-7.2.0.tgz",
          "integrity": "sha512-qpCAvRl9stuOHveKsn7HncJRvv501qIacKzQlO/+Lwxc9+0q2wLyv4Dfvt80/DPn2pqOBsJdDiogXGR9+OvwRw==",
          "dev": true,
          "requires": {
            "has-flag": "^4.0.0"
          }
        }
      }
    },
    "@parcel/codeframe": {
      "version": "2.5.0",
      "resolved": "https://registry.npmjs.org/@parcel/codeframe/-/codeframe-2.5.0.tgz",
      "integrity": "sha512-qafqL8Vu2kr932cCWESoDEEoAeKVi7/xdzTBuhzEJng1AfmRT0rCbt/P4ao3RjiDyozPSjXsHOqM6GDZcto4eQ==",
      "dev": true,
      "requires": {
        "chalk": "^4.1.0"
      },
      "dependencies": {
        "ansi-styles": {
          "version": "4.3.0",
          "resolved": "https://registry.npmjs.org/ansi-styles/-/ansi-styles-4.3.0.tgz",
          "integrity": "sha512-zbB9rCJAT1rbjiVDb2hqKFHNYLxgtk8NURxZ3IZwD3F6NtxbXZQCnnSi1Lkx+IDohdPlFp222wVALIheZJQSEg==",
          "dev": true,
          "requires": {
            "color-convert": "^2.0.1"
          }
        },
        "chalk": {
          "version": "4.1.2",
          "resolved": "https://registry.npmjs.org/chalk/-/chalk-4.1.2.tgz",
          "integrity": "sha512-oKnbhFyRIXpUuez8iBMmyEa4nbj4IOQyuhc/wy9kY7/WVPcwIO9VA668Pu8RkO7+0G76SLROeyw9CpQ061i4mA==",
          "dev": true,
          "requires": {
            "ansi-styles": "^4.1.0",
            "supports-color": "^7.1.0"
          }
        },
        "color-convert": {
          "version": "2.0.1",
          "resolved": "https://registry.npmjs.org/color-convert/-/color-convert-2.0.1.tgz",
          "integrity": "sha512-RRECPsj7iu/xb5oKYcsFHSppFNnsj/52OVTRKb4zP5onXwVF3zVmmToNcOfGC+CRDpfK/U584fMg38ZHCaElKQ==",
          "dev": true,
          "requires": {
            "color-name": "~1.1.4"
          }
        },
        "color-name": {
          "version": "1.1.4",
          "resolved": "https://registry.npmjs.org/color-name/-/color-name-1.1.4.tgz",
          "integrity": "sha512-dOy+3AuW3a2wNbZHIuMZpTcgjGuLU/uBL/ubcZF9OXbDo8ff4O8yVp5Bf0efS8uEoYo5q4Fx7dY9OgQGXgAsQA==",
          "dev": true
        },
        "has-flag": {
          "version": "4.0.0",
          "resolved": "https://registry.npmjs.org/has-flag/-/has-flag-4.0.0.tgz",
          "integrity": "sha512-EykJT/Q1KjTWctppgIAgfSO0tKVuZUjhgMr17kqTumMl6Afv3EISleU7qZUzoXDFTAHTDC4NOoG/ZxU3EvlMPQ==",
          "dev": true
        },
        "supports-color": {
          "version": "7.2.0",
          "resolved": "https://registry.npmjs.org/supports-color/-/supports-color-7.2.0.tgz",
          "integrity": "sha512-qpCAvRl9stuOHveKsn7HncJRvv501qIacKzQlO/+Lwxc9+0q2wLyv4Dfvt80/DPn2pqOBsJdDiogXGR9+OvwRw==",
          "dev": true,
          "requires": {
            "has-flag": "^4.0.0"
          }
        }
      }
    },
    "@parcel/diagnostic": {
      "version": "2.5.0",
      "resolved": "https://registry.npmjs.org/@parcel/diagnostic/-/diagnostic-2.5.0.tgz",
      "integrity": "sha512-KiMGGRpEV7wl5gjcxBKcgX84a+cG+IEn94gwy5LK3lENR09nuKShqqgKGAmj/17CobJgw1QNP94/H4Md+oxIWg==",
      "dev": true,
      "requires": {
        "@mischnic/json-sourcemap": "^0.1.0",
        "nullthrows": "^1.1.1"
      }
    },
    "@parcel/events": {
      "version": "2.5.0",
      "resolved": "https://registry.npmjs.org/@parcel/events/-/events-2.5.0.tgz",
      "integrity": "sha512-Gc2LPwL1H34Ony5MENbKZg7wvCscZ4x9y7Fu92sfbdWpLo3K13hVtsX3TMIIgYt3B7R7OmO8yR880U2T+JfVkQ==",
      "dev": true
    },
    "@parcel/fs-search": {
      "version": "2.5.0",
      "resolved": "https://registry.npmjs.org/@parcel/fs-search/-/fs-search-2.5.0.tgz",
      "integrity": "sha512-uBONkz9ZCNSOqbPGWJY3MNl+pqBTfvzHH9+4UhzHEHPArvK2oD0+syYPVE60+zGrxybXTESYMCJp4bHvH6Z2hA==",
      "dev": true,
      "requires": {
        "detect-libc": "^1.0.3"
      }
    },
    "@parcel/hash": {
      "version": "2.5.0",
      "resolved": "https://registry.npmjs.org/@parcel/hash/-/hash-2.5.0.tgz",
      "integrity": "sha512-47JL0XpB7UvIW6Ijf8vv+yVMt9dLvB/lRlBHFmAkmovisueVMVbYD7smxVZnCSehD8UH8BcymKbMzyL5dimgoQ==",
      "dev": true,
      "requires": {
        "detect-libc": "^1.0.3",
        "xxhash-wasm": "^0.4.2"
      }
    },
    "@parcel/markdown-ansi": {
      "version": "2.5.0",
      "resolved": "https://registry.npmjs.org/@parcel/markdown-ansi/-/markdown-ansi-2.5.0.tgz",
      "integrity": "sha512-ixkNF3KWIqxMlfxTe9Gb2cp/uNmklQev8VEUxujMVxmUfGyQs4859zdJIQlIinabWYhArhsXATkVf3MzCUN6TQ==",
      "dev": true,
      "requires": {
        "chalk": "^4.1.0"
      },
      "dependencies": {
        "ansi-styles": {
          "version": "4.3.0",
          "resolved": "https://registry.npmjs.org/ansi-styles/-/ansi-styles-4.3.0.tgz",
          "integrity": "sha512-zbB9rCJAT1rbjiVDb2hqKFHNYLxgtk8NURxZ3IZwD3F6NtxbXZQCnnSi1Lkx+IDohdPlFp222wVALIheZJQSEg==",
          "dev": true,
          "requires": {
            "color-convert": "^2.0.1"
          }
        },
        "chalk": {
          "version": "4.1.2",
          "resolved": "https://registry.npmjs.org/chalk/-/chalk-4.1.2.tgz",
          "integrity": "sha512-oKnbhFyRIXpUuez8iBMmyEa4nbj4IOQyuhc/wy9kY7/WVPcwIO9VA668Pu8RkO7+0G76SLROeyw9CpQ061i4mA==",
          "dev": true,
          "requires": {
            "ansi-styles": "^4.1.0",
            "supports-color": "^7.1.0"
          }
        },
        "color-convert": {
          "version": "2.0.1",
          "resolved": "https://registry.npmjs.org/color-convert/-/color-convert-2.0.1.tgz",
          "integrity": "sha512-RRECPsj7iu/xb5oKYcsFHSppFNnsj/52OVTRKb4zP5onXwVF3zVmmToNcOfGC+CRDpfK/U584fMg38ZHCaElKQ==",
          "dev": true,
          "requires": {
            "color-name": "~1.1.4"
          }
        },
        "color-name": {
          "version": "1.1.4",
          "resolved": "https://registry.npmjs.org/color-name/-/color-name-1.1.4.tgz",
          "integrity": "sha512-dOy+3AuW3a2wNbZHIuMZpTcgjGuLU/uBL/ubcZF9OXbDo8ff4O8yVp5Bf0efS8uEoYo5q4Fx7dY9OgQGXgAsQA==",
          "dev": true
        },
        "has-flag": {
          "version": "4.0.0",
          "resolved": "https://registry.npmjs.org/has-flag/-/has-flag-4.0.0.tgz",
          "integrity": "sha512-EykJT/Q1KjTWctppgIAgfSO0tKVuZUjhgMr17kqTumMl6Afv3EISleU7qZUzoXDFTAHTDC4NOoG/ZxU3EvlMPQ==",
          "dev": true
        },
        "supports-color": {
          "version": "7.2.0",
          "resolved": "https://registry.npmjs.org/supports-color/-/supports-color-7.2.0.tgz",
          "integrity": "sha512-qpCAvRl9stuOHveKsn7HncJRvv501qIacKzQlO/+Lwxc9+0q2wLyv4Dfvt80/DPn2pqOBsJdDiogXGR9+OvwRw==",
          "dev": true,
          "requires": {
            "has-flag": "^4.0.0"
          }
        }
      }
    },
    "@parcel/package-manager": {
      "version": "2.5.0",
      "resolved": "https://registry.npmjs.org/@parcel/package-manager/-/package-manager-2.5.0.tgz",
      "integrity": "sha512-zTuF55/lITUjw9dUU/X0HiF++589xbPXw/zUiG9T6s8BQThLvrxAhYP89S719pw7cTqDimGkTxnIuK+a0djEkg==",
      "dev": true,
      "requires": {
        "@parcel/diagnostic": "2.5.0",
        "@parcel/fs": "2.5.0",
        "@parcel/logger": "2.5.0",
        "@parcel/types": "2.5.0",
        "@parcel/utils": "2.5.0",
        "@parcel/workers": "2.5.0",
        "semver": "^5.7.1"
      },
      "dependencies": {
        "@parcel/fs": {
          "version": "2.5.0",
          "resolved": "https://registry.npmjs.org/@parcel/fs/-/fs-2.5.0.tgz",
          "integrity": "sha512-YYr14BWtx/bJ+hu6PPQQ6G/3omOTWgVqEw+UFI3iQH3P6+e0LRXW/Ja1yAcJeepGcTwIP0opnXZBQOm8PBQ2SA==",
          "dev": true,
          "requires": {
            "@parcel/fs-search": "2.5.0",
            "@parcel/types": "2.5.0",
            "@parcel/utils": "2.5.0",
            "@parcel/watcher": "^2.0.0",
            "@parcel/workers": "2.5.0"
          }
        },
        "@parcel/logger": {
          "version": "2.5.0",
          "resolved": "https://registry.npmjs.org/@parcel/logger/-/logger-2.5.0.tgz",
          "integrity": "sha512-pT1L3ceH6trL1N3I3r2HawPjz/PCubOo/Kazu7IeXsMsKVjj1a6AeieZHzkNZIbhiGPtm/cHbBNLz2zTWDLeOA==",
          "dev": true,
          "requires": {
            "@parcel/diagnostic": "2.5.0",
            "@parcel/events": "2.5.0"
          }
        },
        "@parcel/utils": {
          "version": "2.5.0",
          "resolved": "https://registry.npmjs.org/@parcel/utils/-/utils-2.5.0.tgz",
          "integrity": "sha512-kaLGXtQuOOH55KZqXdYDvczhh3mk2eeTVqrrXuuihGjbLKYFlUW2tFDm+5r2s9nCPwTQxOO43ZEOCKSnia+e4w==",
          "dev": true,
          "requires": {
            "@parcel/codeframe": "2.5.0",
            "@parcel/diagnostic": "2.5.0",
            "@parcel/hash": "2.5.0",
            "@parcel/logger": "2.5.0",
            "@parcel/markdown-ansi": "2.5.0",
            "@parcel/source-map": "^2.0.0",
            "chalk": "^4.1.0"
          }
        },
        "@parcel/watcher": {
          "version": "2.0.5",
          "resolved": "https://registry.npmjs.org/@parcel/watcher/-/watcher-2.0.5.tgz",
          "integrity": "sha512-x0hUbjv891omnkcHD7ZOhiyyUqUUR6MNjq89JhEI3BxppeKWAm6NPQsqqRrAkCJBogdT/o/My21sXtTI9rJIsw==",
          "dev": true,
          "requires": {
            "node-addon-api": "^3.2.1",
            "node-gyp-build": "^4.3.0"
          }
        },
        "@parcel/workers": {
          "version": "2.5.0",
          "resolved": "https://registry.npmjs.org/@parcel/workers/-/workers-2.5.0.tgz",
          "integrity": "sha512-/Ow5OKJWs+9OzV3Jy4J++VnbNx0j3ls/M1CGVBLiBWyCada9DMtquYoBQ4Sk6Uam50BKkIFYetGOeXPNQyyMjg==",
          "dev": true,
          "requires": {
            "@parcel/diagnostic": "2.5.0",
            "@parcel/logger": "2.5.0",
            "@parcel/types": "2.5.0",
            "@parcel/utils": "2.5.0",
            "chrome-trace-event": "^1.0.2",
            "nullthrows": "^1.1.1"
          }
        },
        "ansi-styles": {
          "version": "4.3.0",
          "resolved": "https://registry.npmjs.org/ansi-styles/-/ansi-styles-4.3.0.tgz",
          "integrity": "sha512-zbB9rCJAT1rbjiVDb2hqKFHNYLxgtk8NURxZ3IZwD3F6NtxbXZQCnnSi1Lkx+IDohdPlFp222wVALIheZJQSEg==",
          "dev": true,
          "requires": {
            "color-convert": "^2.0.1"
          }
        },
        "chalk": {
          "version": "4.1.2",
          "resolved": "https://registry.npmjs.org/chalk/-/chalk-4.1.2.tgz",
          "integrity": "sha512-oKnbhFyRIXpUuez8iBMmyEa4nbj4IOQyuhc/wy9kY7/WVPcwIO9VA668Pu8RkO7+0G76SLROeyw9CpQ061i4mA==",
          "dev": true,
          "requires": {
            "ansi-styles": "^4.1.0",
            "supports-color": "^7.1.0"
          }
        },
        "color-convert": {
          "version": "2.0.1",
          "resolved": "https://registry.npmjs.org/color-convert/-/color-convert-2.0.1.tgz",
          "integrity": "sha512-RRECPsj7iu/xb5oKYcsFHSppFNnsj/52OVTRKb4zP5onXwVF3zVmmToNcOfGC+CRDpfK/U584fMg38ZHCaElKQ==",
          "dev": true,
          "requires": {
            "color-name": "~1.1.4"
          }
        },
        "color-name": {
          "version": "1.1.4",
          "resolved": "https://registry.npmjs.org/color-name/-/color-name-1.1.4.tgz",
          "integrity": "sha512-dOy+3AuW3a2wNbZHIuMZpTcgjGuLU/uBL/ubcZF9OXbDo8ff4O8yVp5Bf0efS8uEoYo5q4Fx7dY9OgQGXgAsQA==",
          "dev": true
        },
        "has-flag": {
          "version": "4.0.0",
          "resolved": "https://registry.npmjs.org/has-flag/-/has-flag-4.0.0.tgz",
          "integrity": "sha512-EykJT/Q1KjTWctppgIAgfSO0tKVuZUjhgMr17kqTumMl6Afv3EISleU7qZUzoXDFTAHTDC4NOoG/ZxU3EvlMPQ==",
          "dev": true
        },
        "node-addon-api": {
          "version": "3.2.1",
          "resolved": "https://registry.npmjs.org/node-addon-api/-/node-addon-api-3.2.1.tgz",
          "integrity": "sha512-mmcei9JghVNDYydghQmeDX8KoAm0FAiYyIcUt/N4nhyAipB17pllZQDOJD2fotxABnt4Mdz+dKTO7eftLg4d0A==",
          "dev": true
        },
        "supports-color": {
          "version": "7.2.0",
          "resolved": "https://registry.npmjs.org/supports-color/-/supports-color-7.2.0.tgz",
          "integrity": "sha512-qpCAvRl9stuOHveKsn7HncJRvv501qIacKzQlO/+Lwxc9+0q2wLyv4Dfvt80/DPn2pqOBsJdDiogXGR9+OvwRw==",
          "dev": true,
          "requires": {
            "has-flag": "^4.0.0"
          }
        }
      }
    },
    "@parcel/plugin": {
      "version": "2.5.0",
      "resolved": "https://registry.npmjs.org/@parcel/plugin/-/plugin-2.5.0.tgz",
      "integrity": "sha512-obtb6/Gql6YFQ86bdv75A2Noabx8679reFZeyfKKf0L7Lppx4DFQetXwM9XVy7Gx6hJ1Ekm3UMuuIyVJk33YHQ==",
      "dev": true,
      "requires": {
        "@parcel/types": "2.5.0"
      }
    },
    "@parcel/source-map": {
      "version": "2.0.5",
      "resolved": "https://registry.npmjs.org/@parcel/source-map/-/source-map-2.0.5.tgz",
      "integrity": "sha512-DRVlCFKLpqBSIbMxUoVlHgfiv12HTW/U7nnhzw52YgzDVXUX9OA41dXS1PU0pJ1si+D1k8msATUC+AoldN43mg==",
      "dev": true,
      "requires": {
        "detect-libc": "^1.0.3"
      }
    },
    "@parcel/transformer-typescript-tsc": {
      "version": "2.5.0",
      "resolved": "https://registry.npmjs.org/@parcel/transformer-typescript-tsc/-/transformer-typescript-tsc-2.5.0.tgz",
      "integrity": "sha512-a7uoqsKozCqf3t8z+6GLAK3ozad/MB/Y5sOneBZ4S6UgwJQ8b41sY2crya8B9x2BiyWVas1eXHDi2E1Ai1y+XQ==",
      "dev": true,
      "requires": {
        "@parcel/plugin": "2.5.0",
        "@parcel/source-map": "^2.0.0",
        "@parcel/ts-utils": "2.5.0"
      }
    },
    "@parcel/ts-utils": {
      "version": "2.5.0",
      "resolved": "https://registry.npmjs.org/@parcel/ts-utils/-/ts-utils-2.5.0.tgz",
      "integrity": "sha512-YITx84Olg27PDxvJlXzzPVgqTtW3tEqQFh+wE2g7+Mwk4Q8vd/jL+mjDBF/5LEnGCk2WvjkcuBK/QOv7Y+YDsg==",
      "dev": true,
      "requires": {
        "nullthrows": "^1.1.1"
      }
    },
    "@parcel/types": {
      "version": "2.5.0",
      "resolved": "https://registry.npmjs.org/@parcel/types/-/types-2.5.0.tgz",
      "integrity": "sha512-bA0fhG6aXSGYEVo5Dt96x6lseUQHeVZVzgmiRdZsvb614Gvx22ItfaKhPmAVbM9vzbObZDHl9l9G2Ovw8Xve4g==",
      "dev": true,
      "requires": {
        "@parcel/cache": "2.5.0",
        "@parcel/diagnostic": "2.5.0",
        "@parcel/fs": "2.5.0",
        "@parcel/package-manager": "2.5.0",
        "@parcel/source-map": "^2.0.0",
        "@parcel/workers": "2.5.0",
        "utility-types": "^3.10.0"
      },
      "dependencies": {
        "@parcel/fs": {
          "version": "2.5.0",
          "resolved": "https://registry.npmjs.org/@parcel/fs/-/fs-2.5.0.tgz",
          "integrity": "sha512-YYr14BWtx/bJ+hu6PPQQ6G/3omOTWgVqEw+UFI3iQH3P6+e0LRXW/Ja1yAcJeepGcTwIP0opnXZBQOm8PBQ2SA==",
          "dev": true,
          "requires": {
            "@parcel/fs-search": "2.5.0",
            "@parcel/types": "2.5.0",
            "@parcel/utils": "2.5.0",
            "@parcel/watcher": "^2.0.0",
            "@parcel/workers": "2.5.0"
          }
        },
        "@parcel/logger": {
          "version": "2.5.0",
          "resolved": "https://registry.npmjs.org/@parcel/logger/-/logger-2.5.0.tgz",
          "integrity": "sha512-pT1L3ceH6trL1N3I3r2HawPjz/PCubOo/Kazu7IeXsMsKVjj1a6AeieZHzkNZIbhiGPtm/cHbBNLz2zTWDLeOA==",
          "dev": true,
          "requires": {
            "@parcel/diagnostic": "2.5.0",
            "@parcel/events": "2.5.0"
          }
        },
        "@parcel/utils": {
          "version": "2.5.0",
          "resolved": "https://registry.npmjs.org/@parcel/utils/-/utils-2.5.0.tgz",
          "integrity": "sha512-kaLGXtQuOOH55KZqXdYDvczhh3mk2eeTVqrrXuuihGjbLKYFlUW2tFDm+5r2s9nCPwTQxOO43ZEOCKSnia+e4w==",
          "dev": true,
          "requires": {
            "@parcel/codeframe": "2.5.0",
            "@parcel/diagnostic": "2.5.0",
            "@parcel/hash": "2.5.0",
            "@parcel/logger": "2.5.0",
            "@parcel/markdown-ansi": "2.5.0",
            "@parcel/source-map": "^2.0.0",
            "chalk": "^4.1.0"
          }
        },
        "@parcel/watcher": {
          "version": "2.0.5",
          "resolved": "https://registry.npmjs.org/@parcel/watcher/-/watcher-2.0.5.tgz",
          "integrity": "sha512-x0hUbjv891omnkcHD7ZOhiyyUqUUR6MNjq89JhEI3BxppeKWAm6NPQsqqRrAkCJBogdT/o/My21sXtTI9rJIsw==",
          "dev": true,
          "requires": {
            "node-addon-api": "^3.2.1",
            "node-gyp-build": "^4.3.0"
          }
        },
        "@parcel/workers": {
          "version": "2.5.0",
          "resolved": "https://registry.npmjs.org/@parcel/workers/-/workers-2.5.0.tgz",
          "integrity": "sha512-/Ow5OKJWs+9OzV3Jy4J++VnbNx0j3ls/M1CGVBLiBWyCada9DMtquYoBQ4Sk6Uam50BKkIFYetGOeXPNQyyMjg==",
          "dev": true,
          "requires": {
            "@parcel/diagnostic": "2.5.0",
            "@parcel/logger": "2.5.0",
            "@parcel/types": "2.5.0",
            "@parcel/utils": "2.5.0",
            "chrome-trace-event": "^1.0.2",
            "nullthrows": "^1.1.1"
          }
        },
        "ansi-styles": {
          "version": "4.3.0",
          "resolved": "https://registry.npmjs.org/ansi-styles/-/ansi-styles-4.3.0.tgz",
          "integrity": "sha512-zbB9rCJAT1rbjiVDb2hqKFHNYLxgtk8NURxZ3IZwD3F6NtxbXZQCnnSi1Lkx+IDohdPlFp222wVALIheZJQSEg==",
          "dev": true,
          "requires": {
            "color-convert": "^2.0.1"
          }
        },
        "chalk": {
          "version": "4.1.2",
          "resolved": "https://registry.npmjs.org/chalk/-/chalk-4.1.2.tgz",
          "integrity": "sha512-oKnbhFyRIXpUuez8iBMmyEa4nbj4IOQyuhc/wy9kY7/WVPcwIO9VA668Pu8RkO7+0G76SLROeyw9CpQ061i4mA==",
          "dev": true,
          "requires": {
            "ansi-styles": "^4.1.0",
            "supports-color": "^7.1.0"
          }
        },
        "color-convert": {
          "version": "2.0.1",
          "resolved": "https://registry.npmjs.org/color-convert/-/color-convert-2.0.1.tgz",
          "integrity": "sha512-RRECPsj7iu/xb5oKYcsFHSppFNnsj/52OVTRKb4zP5onXwVF3zVmmToNcOfGC+CRDpfK/U584fMg38ZHCaElKQ==",
          "dev": true,
          "requires": {
            "color-name": "~1.1.4"
          }
        },
        "color-name": {
          "version": "1.1.4",
          "resolved": "https://registry.npmjs.org/color-name/-/color-name-1.1.4.tgz",
          "integrity": "sha512-dOy+3AuW3a2wNbZHIuMZpTcgjGuLU/uBL/ubcZF9OXbDo8ff4O8yVp5Bf0efS8uEoYo5q4Fx7dY9OgQGXgAsQA==",
          "dev": true
        },
        "has-flag": {
          "version": "4.0.0",
          "resolved": "https://registry.npmjs.org/has-flag/-/has-flag-4.0.0.tgz",
          "integrity": "sha512-EykJT/Q1KjTWctppgIAgfSO0tKVuZUjhgMr17kqTumMl6Afv3EISleU7qZUzoXDFTAHTDC4NOoG/ZxU3EvlMPQ==",
          "dev": true
        },
        "node-addon-api": {
          "version": "3.2.1",
          "resolved": "https://registry.npmjs.org/node-addon-api/-/node-addon-api-3.2.1.tgz",
          "integrity": "sha512-mmcei9JghVNDYydghQmeDX8KoAm0FAiYyIcUt/N4nhyAipB17pllZQDOJD2fotxABnt4Mdz+dKTO7eftLg4d0A==",
          "dev": true
        },
        "supports-color": {
          "version": "7.2.0",
          "resolved": "https://registry.npmjs.org/supports-color/-/supports-color-7.2.0.tgz",
          "integrity": "sha512-qpCAvRl9stuOHveKsn7HncJRvv501qIacKzQlO/+Lwxc9+0q2wLyv4Dfvt80/DPn2pqOBsJdDiogXGR9+OvwRw==",
          "dev": true,
          "requires": {
            "has-flag": "^4.0.0"
          }
        }
      }
    },
    "chrome-trace-event": {
      "version": "1.0.3",
      "resolved": "https://registry.npmjs.org/chrome-trace-event/-/chrome-trace-event-1.0.3.tgz",
      "integrity": "sha512-p3KULyQg4S7NIHixdwbGX+nFHkoBiA4YQmyWtjb8XngSKV124nJmRysgAeujbUVb15vh+RvFUfCPqU7rXk+hZg==",
      "dev": true
    },
    "detect-libc": {
      "version": "1.0.3",
      "resolved": "https://registry.npmjs.org/detect-libc/-/detect-libc-1.0.3.tgz",
      "integrity": "sha1-+hN8S9aY7fVc1c0CrFWfkaTEups=",
      "dev": true
    },
    "json5": {
      "version": "2.2.1",
      "resolved": "https://registry.npmjs.org/json5/-/json5-2.2.1.tgz",
      "integrity": "sha512-1hqLFMSrGHRHxav9q9gNjJ5EXznIxGVO09xQRrwplcS8qs28pZ8s8hupZAmqDwZUmVZ2Qb2jnyPOWcDH8m8dlA==",
      "dev": true
    },
    "lmdb": {
      "version": "2.2.4",
      "resolved": "https://registry.npmjs.org/lmdb/-/lmdb-2.2.4.tgz",
      "integrity": "sha512-gto+BB2uEob8qRiTlOq+R3uX0YNHsX9mjxj9Sbdue/LIKqu6IlZjrsjKeGyOMquc/474GEqFyX2pdytpydp0rQ==",
      "dev": true,
      "requires": {
        "msgpackr": "^1.5.4",
        "nan": "^2.14.2",
        "node-gyp-build": "^4.2.3",
        "ordered-binary": "^1.2.4",
        "weak-lru-cache": "^1.2.2"
      }
    },
    "msgpackr": {
      "version": "1.6.1",
      "resolved": "https://registry.npmjs.org/msgpackr/-/msgpackr-1.6.1.tgz",
      "integrity": "sha512-Je+xBEfdjtvA4bKaOv8iRhjC8qX2oJwpYH4f7JrG4uMVJVmnmkAT4pjKdbztKprGj3iwjcxPzb5umVZ02Qq3tA==",
      "dev": true,
      "requires": {
        "msgpackr-extract": "^2.0.2"
      }
    },
    "msgpackr-extract": {
      "version": "2.0.2",
      "resolved": "https://registry.npmjs.org/msgpackr-extract/-/msgpackr-extract-2.0.2.tgz",
      "integrity": "sha512-coskCeJG2KDny23zWeu+6tNy7BLnAiOGgiwzlgdm4oeSsTpqEJJPguHIuKZcCdB7tzhZbXNYSg6jZAXkZErkJA==",
      "dev": true,
      "optional": true,
      "requires": {
        "@msgpackr-extract/msgpackr-extract-darwin-arm64": "2.0.2",
        "@msgpackr-extract/msgpackr-extract-darwin-x64": "2.0.2",
        "@msgpackr-extract/msgpackr-extract-linux-arm": "2.0.2",
        "@msgpackr-extract/msgpackr-extract-linux-arm64": "2.0.2",
        "@msgpackr-extract/msgpackr-extract-linux-x64": "2.0.2",
        "@msgpackr-extract/msgpackr-extract-win32-x64": "2.0.2",
        "node-gyp-build-optional-packages": "5.0.2"
      },
      "dependencies": {
        "node-gyp-build-optional-packages": {
          "version": "5.0.2",
          "resolved": "https://registry.npmjs.org/node-gyp-build-optional-packages/-/node-gyp-build-optional-packages-5.0.2.tgz",
          "integrity": "sha512-PiN4NWmlQPqvbEFcH/omQsswWQbe5Z9YK/zdB23irp5j2XibaA2IrGvpSWmVVG4qMZdmPdwPctSy4a86rOMn6g==",
          "dev": true,
          "optional": true
        }
      }
    },
    "nan": {
      "version": "2.15.0",
      "resolved": "https://registry.npmjs.org/nan/-/nan-2.15.0.tgz",
      "integrity": "sha512-8ZtvEnA2c5aYCZYd1cvgdnU6cqwixRoYg70xPLWUws5ORTa/lnw+u4amixRS/Ac5U5mQVgp9pnlSUnbNWFaWZQ==",
      "dev": true
    },
    "node-gyp-build": {
      "version": "4.4.0",
      "resolved": "https://registry.npmjs.org/node-gyp-build/-/node-gyp-build-4.4.0.tgz",
      "integrity": "sha512-amJnQCcgtRVw9SvoebO3BKGESClrfXGCUTX9hSn1OuGQTQBOZmVd0Z0OlecpuRksKvbsUqALE8jls/ErClAPuQ==",
      "dev": true
    },
    "nullthrows": {
      "version": "1.1.1",
      "resolved": "https://registry.npmjs.org/nullthrows/-/nullthrows-1.1.1.tgz",
      "integrity": "sha512-2vPPEi+Z7WqML2jZYddDIfy5Dqb0r2fze2zTxNNknZaFpVHU3mFB3R+DWeJWGVx0ecvttSGlJTI+WG+8Z4cDWw==",
      "dev": true
    },
    "ordered-binary": {
      "version": "1.2.5",
      "resolved": "https://registry.npmjs.org/ordered-binary/-/ordered-binary-1.2.5.tgz",
      "integrity": "sha512-djRmZoEpOGvIRW7ufsCDHtvcUa18UC9TxnPbHhSVFZHsoyg0dtut1bWtBZ/fmxdPN62oWXrV6adM7NoWU+CneA==",
      "dev": true
    },
    "semver": {
      "version": "5.7.1",
      "resolved": "https://registry.npmjs.org/semver/-/semver-5.7.1.tgz",
      "integrity": "sha512-sauaDf/PZdVgrLTNYHRtpXa1iRiKcaebiKQ1BJdpQlWH2lCvexQdX55snPFyK7QzpudqbCI0qXFfOasHdyNDGQ==",
      "dev": true
    },
    "typescript": {
      "version": "4.6.4",
      "resolved": "https://registry.npmjs.org/typescript/-/typescript-4.6.4.tgz",
      "integrity": "sha512-9ia/jWHIEbo49HfjrLGfKbZSuWo9iTMwXO+Ca3pRsSpbsMbc7/IU8NKdCZVRRBafVPGnoJeFL76ZOAA84I9fEg==",
      "dev": true
    },
    "utility-types": {
      "version": "3.10.0",
      "resolved": "https://registry.npmjs.org/utility-types/-/utility-types-3.10.0.tgz",
      "integrity": "sha512-O11mqxmi7wMKCo6HKFt5AhO4BwY3VV68YU07tgxfz8zJTIxr4BpsezN49Ffwy9j3ZpwwJp4fkRwjRzq3uWE6Rg==",
      "dev": true
    },
    "weak-lru-cache": {
      "version": "1.2.2",
      "resolved": "https://registry.npmjs.org/weak-lru-cache/-/weak-lru-cache-1.2.2.tgz",
      "integrity": "sha512-DEAoo25RfSYMuTGc9vPJzZcZullwIqRDSI9LOy+fkCJPi6hykCnfKaXTuPBDuXAUcqHXyOgFtHNp/kB2FjYHbw==",
      "dev": true
    },
    "xxhash-wasm": {
      "version": "0.4.2",
      "resolved": "https://registry.npmjs.org/xxhash-wasm/-/xxhash-wasm-0.4.2.tgz",
      "integrity": "sha512-/eyHVRJQCirEkSZ1agRSCwriMhwlyUcFkXD5TPVSLP+IPzjsqMVzZwdoczLp1SoQU0R3dxz1RpIK+4YNQbCVOA==",
      "dev": true
    }
  }
}
